
Microsoft Visual Studio Solution File, Format Version 11.00
# Visual Studio 2010
Project("{FAE04EC0-301F-11D3-BF4B-00C04F79EFBC}") = "Web", "Web\Web.csproj", "{8EBE29E9-29AF-44D8-A9BD-0C7E1A5F0436}"
EndProject
Project("{FAE04EC0-301F-11D3-BF4B-00C04F79EFBC}") = "Web.Specs", "Web.Specs\Web.Specs.csproj", "{6C0D3C15-DDCE-4C69-95BC-532B509A0530}"
EndProject
Global
	GlobalSection(SolutionConfigurationPlatforms) = preSolution
		Debug|Any CPU = Debug|Any CPU
		Release|Any CPU = Release|Any CPU
	EndGlobalSection
	GlobalSection(ProjectConfigurationPlatforms) = postSolution
		{8EBE29E9-29AF-44D8-A9BD-0C7E1A5F0436}.Debug|Any CPU.ActiveCfg = Debug|Any CPU
		{8EBE29E9-29AF-44D8-A9BD-0C7E1A5F0436}.Debug|Any CPU.Build.0 = Debug|Any CPU
		{8EBE29E9-29AF-44D8-A9BD-0C7E1A5F0436}.Release|Any CPU.ActiveCfg = Release|Any CPU
		{8EBE29E9-29AF-44D8-A9BD-0C7E1A5F0436}.Release|Any CPU.Build.0 = Release|Any CPU
		{6C0D3C15-DDCE-4C69-95BC-532B509A0530}.Debug|Any CPU.ActiveCfg = Debug|Any CPU
		{6C0D3C15-DDCE-4C69-95BC-532B509A0530}.Debug|Any CPU.Build.0 = Debug|Any CPU
		{6C0D3C15-DDCE-4C69-95BC-532B509A0530}.Release|Any CPU.ActiveCfg = Release|Any CPU
		{6C0D3C15-DDCE-4C69-95BC-532B509A0530}.Release|Any CPU.Build.0 = Release|Any CPU
	EndGlobalSection
	GlobalSection(SolutionProperties) = preSolution
		HideSolutionNode = FALSE
	EndGlobalSection
EndGlobal
